
Microsoft Visual Studio Solution File, Format Version 12.00
# Visual Studio Version 17
VisualStudioVersion = 17.5.33530.505
MinimumVisualStudioVersion = 10.0.40219.1
Project("{FAE04EC0-301F-11D3-BF4B-00C04F79EFBC}") = "DegiskenTipleri", "DegiskenTipleri\DegiskenTipleri.csproj", "{89823967-7C06-4295-B5D3-D58E6DE19ABA}"
EndProject
Project("{FAE04EC0-301F-11D3-BF4B-00C04F79EFBC}") = "Operatorler", "Operatorler\Operatorler.csproj", "{5D0A3FAF-9F6A-43AD-B596-C0DC03C15E3D}"
EndProject
Global
	GlobalSection(SolutionConfigurationPlatforms) = preSolution
		Debug|Any CPU = Debug|Any CPU
		Release|Any CPU = Release|Any CPU
	EndGlobalSection
	GlobalSection(ProjectConfigurationPlatforms) = postSolution
		{89823967-7C06-4295-B5D3-D58E6DE19ABA}.Debug|Any CPU.ActiveCfg = Debug|Any CPU
		{89823967-7C06-4295-B5D3-D58E6DE19ABA}.Debug|Any CPU.Build.0 = Debug|Any CPU
		{89823967-7C06-4295-B5D3-D58E6DE19ABA}.Release|Any CPU.ActiveCfg = Release|Any CPU
		{89823967-7C06-4295-B5D3-D58E6DE19ABA}.Release|Any CPU.Build.0 = Release|Any CPU
		{5D0A3FAF-9F6A-43AD-B596-C0DC03C15E3D}.Debug|Any CPU.ActiveCfg = Debug|Any CPU
		{5D0A3FAF-9F6A-43AD-B596-C0DC03C15E3D}.Debug|Any CPU.Build.0 = Debug|Any CPU
		{5D0A3FAF-9F6A-43AD-B596-C0DC03C15E3D}.Release|Any CPU.ActiveCfg = Release|Any CPU
		{5D0A3FAF-9F6A-43AD-B596-C0DC03C15E3D}.Release|Any CPU.Build.0 = Release|Any CPU
	EndGlobalSection
	GlobalSection(SolutionProperties) = preSolution
		HideSolutionNode = FALSE
	EndGlobalSection
	GlobalSection(ExtensibilityGlobals) = postSolution
		SolutionGuid = {E0966D36-34C5-4AAB-8842-CFEFBB769988}
	EndGlobalSection
EndGlobal
